
Microsoft Visual Studio Solution File, Format Version 12.00
# Visual Studio Version 17
VisualStudioVersion = 17.7.34221.43
MinimumVisualStudioVersion = 10.0.40219.1
Project("{FAE04EC0-301F-11D3-BF4B-00C04F79EFBC}") = "L6_crystalShop", "L6_crystalShop\L6_crystalShop.csproj", "{C1BAD2E4-4AA5-4FE8-94E6-AD5C1CFB0BF3}"
EndProject
Global
	GlobalSection(SolutionConfigurationPlatforms) = preSolution
		Debug|Any CPU = Debug|Any CPU
		Release|Any CPU = Release|Any CPU
	EndGlobalSection
	GlobalSection(ProjectConfigurationPlatforms) = postSolution
		{C1BAD2E4-4AA5-4FE8-94E6-AD5C1CFB0BF3}.Debug|Any CPU.ActiveCfg = Debug|Any CPU
		{C1BAD2E4-4AA5-4FE8-94E6-AD5C1CFB0BF3}.Debug|Any CPU.Build.0 = Debug|Any CPU
		{C1BAD2E4-4AA5-4FE8-94E6-AD5C1CFB0BF3}.Release|Any CPU.ActiveCfg = Release|Any CPU
		{C1BAD2E4-4AA5-4FE8-94E6-AD5C1CFB0BF3}.Release|Any CPU.Build.0 = Release|Any CPU
	EndGlobalSection
	GlobalSection(SolutionProperties) = preSolution
		HideSolutionNode = FALSE
	EndGlobalSection
	GlobalSection(ExtensibilityGlobals) = postSolution
		SolutionGuid = {4B64C2AE-A3DD-4961-968A-BB8ADEAB507A}
	EndGlobalSection
EndGlobal
